{
  "version": 2,
  "dependencies": {
    "net10.0": {
      "Asp.Versioning.Http": {
        "type": "Direct",
        "requested": "[8.1.1, )",
        "resolved": "8.1.1",
        "contentHash": "1D/Mzq1MSUSQe1eCY6GeEsu+tIlpzoWZxZkhlcw/uvtVoTrwO+BMl0fSj/XX8oZN1DutWTZqHDHgyDRq+IeSdQ==",
        "dependencies": {
          "Asp.Versioning.Abstractions": "8.1.0"
        }
      },
      "AspNetCore.HealthChecks.NpgSql": {
        "type": "Direct",
        "requested": "[9.0.0, )",
        "resolved": "9.0.0",
        "contentHash": "npc58/AD5zuVxERdhCl2Kb7WnL37mwX42SJcXIwvmEig0/dugOLg3SIwtfvvh3TnvTwR/sk5LYNkkPaBdks61A==",
        "dependencies": {
          "Npgsql": "8.0.3"
        }
      },
      "AspNetCore.HealthChecks.SqlServer": {
        "type": "Direct",
        "requested": "[9.0.0, )",
        "resolved": "9.0.0",
        "contentHash": "UxCf65iCF2nU1u7AcB320abjL4CRg5swCgJECY6mKk1j5lrGMfVtskWwriGs1T29pYdRig9Vra3SPnP+4G82pA==",
        "dependencies": {
          "Microsoft.Data.SqlClient": "5.2.2"
        }
      },
      "Azure.Identity": {
        "type": "Direct",
        "requested": "[1.14.2, )",
        "resolved": "1.14.2",
        "contentHash": "YhNMwOTwT+I2wIcJKSdP0ADyB2aK+JaYWZxO8LSRDm5w77LFr0ykR9xmt2ZV5T1gaI7xU6iNFIh/yW1dAlpddQ==",
        "dependencies": {
          "Azure.Core": "1.46.1",
          "Microsoft.Identity.Client": "4.73.1",
          "Microsoft.Identity.Client.Extensions.Msal": "4.73.1"
        }
      },
      "EdFi.Suite3.Admin.DataAccess": {
        "type": "Direct",
        "requested": "[7.3.67, )",
        "resolved": "7.3.67",
        "contentHash": "FPuQLnqGYHZJE5RvRA2bnj0Ep2700gGH6xsy0hpDcvPUzkZnm54aVnjwqfo99Gd20vZcI1/pSyGg2dLKAD+l6w==",
        "dependencies": {
          "EdFi.Suite3.Common": "7.3.33",
          "Microsoft.EntityFrameworkCore.Abstractions": "8.0.7",
          "Microsoft.EntityFrameworkCore.Proxies": "8.0.7",
          "Microsoft.EntityFrameworkCore.Relational": "8.0.7",
          "Microsoft.EntityFrameworkCore.SqlServer": "8.0.7",
          "Npgsql.EntityFrameworkCore.PostgreSQL": "8.0.4",
          "log4net": "2.0.17"
        }
      },
      "EdFi.Suite3.Security.DataAccess": {
        "type": "Direct",
        "requested": "[7.4.102, )",
        "resolved": "7.4.102",
        "contentHash": "66L6pufiALz9fPmtJ8GQpwabOBCDBAKKDvJlphtAsOXwWnqpJAzm3Tfv4Lz6ko/JxlVC+f7MIP3woj0PCdlbtw==",
        "dependencies": {
          "Autofac.Extras.DynamicProxy": "7.1.0",
          "EFCore.NamingConventions": "8.0.3",
          "EdFi.Suite3.Common": "7.4.94",
          "Microsoft.EntityFrameworkCore.SqlServer": "8.0.7",
          "Npgsql": "8.0.3",
          "Npgsql.EntityFrameworkCore.PostgreSQL": "8.0.4"
        }
      },
      "FluentValidation.AspNetCore": {
        "type": "Direct",
        "requested": "[11.3.1, )",
        "resolved": "11.3.1",
        "contentHash": "FjkfrGGwC+25oH8QpX1ti3gxkFjDDtotkAQWyQz2CkwQwEfRKTANjhh77I79kY8dov2ydK1SY+e4jiOWsbbDdQ==",
        "dependencies": {
          "FluentValidation": "11.11.0",
          "FluentValidation.DependencyInjectionExtensions": "11.11.0"
        }
      },
      "Microsoft.AspNetCore.Authentication.JwtBearer": {
        "type": "Direct",
        "requested": "[10.0.8, )",
        "resolved": "10.0.8",
        "contentHash": "oGnE+X/SN6jdqao9WOkOIfyZ5+a0AtluJWy1Mxndq+kcWG6sx5k6l6tucu8/wJ7o9fHfLgVCzm/c4v/KVgVk6w==",
        "dependencies": {
          "Microsoft.IdentityModel.Protocols.OpenIdConnect": "8.0.1"
        }
      },
      "Microsoft.EntityFrameworkCore.Abstractions": {
        "type": "Direct",
        "requested": "[10.0.10, )",
        "resolved": "10.0.10",
        "contentHash": "bOzrFCl6uZCjaSh2bG1ToRQRdx+iXvxosCg9hFyG9OWeAzOFI4xev9OqKeWfKf/kAHyox2JnbcvLVf2ceA7sqA=="
      },
      "Microsoft.EntityFrameworkCore.Design": {
        "type": "Direct",
        "requested": "[10.0.8, )",
        "resolved": "10.0.8",
        "contentHash": "LlUUXdfqKFk7RlGExojVP8GI6hN9O21WjpxFnp5mLeGjd9iYdwywIgK9WOLvPM2hrknrRyHR/i43FQdw/oCrOw==",
        "dependencies": {
          "Humanizer.Core": "2.14.1",
          "Microsoft.Build.Framework": "18.0.2",
          "Microsoft.CodeAnalysis.CSharp": "5.0.0",
          "Microsoft.CodeAnalysis.CSharp.Workspaces": "5.0.0",
          "Microsoft.CodeAnalysis.Workspaces.MSBuild": "5.0.0",
          "Microsoft.EntityFrameworkCore.Relational": "10.0.8",
          "Microsoft.Extensions.DependencyModel": "10.0.8",
          "Mono.TextTemplating": "3.0.0",
          "Newtonsoft.Json": "13.0.3"
        }
      },
      "Microsoft.Extensions.Logging.Log4Net.AspNetCore": {
        "type": "Direct",
        "requested": "[10.0.0, )",
        "resolved": "10.0.0",
        "contentHash": "ASXCV+/IuxGCiXjRnrdL1waRKaCDcxkdL1U2yqteJzGcyXN+qLf6wTLBR12sQIhK36d1um6P55AaWqlXf+X0xg==",
        "dependencies": {
          "log4net": "3.3.0"
        }
      },
      "Microsoft.Identity.Client": {
        "type": "Direct",
        "requested": "[4.73.1, )",
        "resolved": "4.73.1",
        "contentHash": "NnDLS8QwYqO5ZZecL2oioi1LUqjh5Ewk4bMLzbgiXJbQmZhDLtKwLxL3DpGMlQAJ2G4KgEnvGPKa+OOgffeJbw==",
        "dependencies": {
          "Microsoft.IdentityModel.Abstractions": "6.35.0"
        }
      },
      "NJsonSchema": {
        "type": "Direct",
        "requested": "[11.0.2, )",
        "resolved": "11.0.2",
        "contentHash": "BOgw+TOd1w7BSRIEWwkiSgHlKWC2eu0DHsSsb1LIwlC1Hq26A0ARZiMjsCsqfXqXdr7hLf1m4M84Z7LW1wmCGA==",
        "dependencies": {
          "NJsonSchema.Annotations": "11.0.2",
          "Namotion.Reflection": "3.1.1",
          "Newtonsoft.Json": "13.0.3"
        }
      },
      "Npgsql": {
        "type": "Direct",
        "requested": "[10.0.2, )",
        "resolved": "10.0.2",
        "contentHash": "q5RfBI+wywJSFUNDE1L4ZbHEHCFTblo8Uf6A6oe4feOUFYiUQXyAf9GBh5qEZpvJaHiEbpBPkQumjEhXCJxdrg=="
      },
      "OpenIddict.AspNetCore": {
        "type": "Direct",
        "requested": "[7.6.1, )",
        "resolved": "7.6.1",
        "contentHash": "+SwqPNK4OXYVkzjyzAv8XfOPnZECAUFWf7WO1umDtPxU/pVGJtUm0qCBmfsC3+DTX+OP+ZAxK6cVKVsnrKPPMQ==",
        "dependencies": {
          "OpenIddict": "7.6.1",
          "OpenIddict.Client.AspNetCore": "7.6.1",
          "OpenIddict.Client.DataProtection": "7.6.1",
          "OpenIddict.Server.AspNetCore": "7.6.1",
          "OpenIddict.Server.DataProtection": "7.6.1",
          "OpenIddict.Validation.AspNetCore": "7.6.1",
          "OpenIddict.Validation.DataProtection": "7.6.1"
        }
      },
      "OpenIddict.EntityFrameworkCore": {
        "type": "Direct",
        "requested": "[7.6.1, )",
        "resolved": "7.6.1",
        "contentHash": "OAUbs0ca9R0nf/SlAoM+FGeYSZf2oIqIEky/aNQ+Pg6BGaasG+c8ax2cwPoIcNIaARHJLyjMMGZ8/YTq53PTjA==",
        "dependencies": {
          "Microsoft.EntityFrameworkCore.Relational": "10.0.10",
          "OpenIddict.Core": "7.6.1",
          "OpenIddict.EntityFrameworkCore.Models": "7.6.1"
        }
      },
      "Quartz": {
        "type": "Direct",
        "requested": "[3.15.1, )",
        "resolved": "3.15.1",
        "contentHash": "XIbhzUAKSm3xdl1ORLPnK7mc5XANP3cuvYQhCtuX/8888IN41e9OXJak4R9OlmAGRnyAMqHE40yojVa89NS1wg=="
      },
      "Quartz.Extensions.Hosting": {
        "type": "Direct",
        "requested": "[3.15.1, )",
        "resolved": "3.15.1",
        "contentHash": "svqLTEnVLb0VPUcNCd/khRqagwxM/yybUZ2sEOd7HFdPO+5dAOttL+ARtXSyBeaGWPWAaxY4VvU7pJTZzYhORw==",
        "dependencies": {
          "Quartz.Extensions.DependencyInjection": "3.15.1"
        }
      },
      "SonarAnalyzer.CSharp": {
        "type": "Direct",
        "requested": "[10.7.0.110445, )",
        "resolved": "10.7.0.110445",
        "contentHash": "U4v2LWopxADYkUv7Z5CX7ifKMdDVqHb7a1bzppIQnQi4WQR6z1Zi5rDkCHlVYGEd1U/WMz1IJCU8OmFZLJpVig=="
      },
      "Swashbuckle.AspNetCore": {
        "type": "Direct",
        "requested": "[7.1.0, )",
        "resolved": "7.1.0",
        "contentHash": "PpKwEZNCciDPczWPnuqaTVuN5jR/fG2RubQYgKHVWY2KB+TpvKkOrQJoF51S1yMJxygaofCM3BXlLy4PK/o8WA==",
        "dependencies": {
          "Microsoft.Extensions.ApiDescription.Server": "6.0.5",
          "Swashbuckle.AspNetCore.Swagger": "7.1.0",
          "Swashbuckle.AspNetCore.SwaggerGen": "7.1.0",
          "Swashbuckle.AspNetCore.SwaggerUI": "7.1.0"
        }
      },
      "Swashbuckle.AspNetCore.Annotations": {
        "type": "Direct",
        "requested": "[7.1.0, )",
        "resolved": "7.1.0",
        "contentHash": "Lesyci+wHqJxxPyQx9maLeYoZWJkXN5AXAsxWvhEIWCy41x5PTF7kv+/VPT+4fCmLmjzpCZYR+5Zgq9e9bcaGA==",
        "dependencies": {
          "Swashbuckle.AspNetCore.SwaggerGen": "7.1.0"
        }
      },
      "Swashbuckle.AspNetCore.Filters": {
        "type": "Direct",
        "requested": "[8.0.2, )",
        "resolved": "8.0.2",
        "contentHash": "S4pR+265NwY9saAhK+3Jn2oL2Wfy0qvy9871b0KiEPW/iLPRgg2HrkrdMwC1wpjNkRXWGDFRRj+LkUD4lyuAaQ==",
        "dependencies": {
          "Microsoft.OpenApi": "1.3.1",
          "Scrutor": "3.3.0",
          "Swashbuckle.AspNetCore.Filters.Abstractions": "8.0.2",
          "Swashbuckle.AspNetCore.SwaggerGen": "5.0.0"
        }
      },
      "Asp.Versioning.Abstractions": {
        "type": "Transitive",
        "resolved": "8.1.0",
        "contentHash": "mpeNZyMdvrHztJwR1sXIUQ+3iioEU97YMBnFA9WLbsPOYhGwDJnqJMmEd8ny7kcmS9OjTHoEuX/bSXXY3brIFA=="
      },
      "Autofac": {
        "type": "Transitive",
        "resolved": "6.5.0",
        "contentHash": "sm6HWWBDEoTPGXeyOchMygJ/7L89VxmVH72BFxakG88J34AVjA8RMi5jbv3PdpUtXI/d9ZLKOaxCmOSIo2K4aA=="
      },
      "Azure.Core": {
        "type": "Transitive",
        "resolved": "1.47.1",
        "contentHash": "oPcncSsDHuxB8SC522z47xbp2+ttkcKv2YZ90KXhRKN0YQd2+7l1UURT9EBzUNEXtkLZUOAB5xbByMTrYRh3yA==",
        "dependencies": {
          "Microsoft.Bcl.AsyncInterfaces": "8.0.0",
          "System.ClientModel": "1.5.1",
          "System.Memory.Data": "8.0.1"
        }
      },
      "Castle.Core": {
        "type": "Transitive",
        "resolved": "5.2.1",
        "contentHash": "wHARzQA695jwwKreOzNsq54KiGqKP38tv8hi8e2FXDEC/sA6BtrX90tVPDkOfVu13PbEzr00TCV8coikl+D1Iw=="
      },
      "FluentValidation.DependencyInjectionExtensions": {
        "type": "Transitive",
        "resolved": "11.11.0",
        "contentHash": "viTKWaMbL3yJYgGI0DiCeavNbE9UPMWFVK2XS9nYXGbm3NDMd0/L5ER4wBzmTtW3BYh3SrlSXm9RACiKZ6stlA==",
        "dependencies": {
          "FluentValidation": "11.11.0"
        }
      },
      "Humanizer.Core": {
        "type": "Transitive",
        "resolved": "2.14.1",
        "contentHash": "lQKvtaTDOXnoVJ20ibTuSIOf2i0uO0MPbDhd1jm238I+U/2ZnRENj0cktKZhtchBMtCUSRQ5v4xBCUbKNmyVMw=="
      },
      "Microsoft.Bcl.AsyncInterfaces": {
        "type": "Transitive",
        "resolved": "8.0.0",
        "contentHash": "3WA9q9yVqJp222P3x1wYIGDAkpjAku0TMUaaQV22g6L67AI0LdOIrVS7Ht2vJfLHGSPVuqN94vIr15qn+HEkHw=="
      },
      "Microsoft.Bcl.Cryptography": {
        "type": "Transitive",
        "resolved": "10.0.2",
        "contentHash": "LG9Yll3B5aNpxv0+D47g6LiOiKBIlodhcHdQwcYzo8VeexFLGqx5ymetmA2aBRyo9cCcWsQWrFsdbsr8LvmWDw=="
      },
      "Microsoft.Build.Framework": {
        "type": "Transitive",
        "resolved": "18.0.2",
        "contentHash": "sOSb+0J4G/jCBW/YqmRuL0eOMXgfw1KQLdC9TkbvfA5xs7uNm+PBQXJCOzSJGXtZcZrtXozcwxPmUiRUbmd7FA=="
      },
      "Microsoft.CodeAnalysis.Common": {
        "type": "Transitive",
        "resolved": "5.0.0",
        "contentHash": "ZXRAdvH6GiDeHRyd3q/km8Z44RoM6FBWHd+gen/la81mVnAdHTEsEkO5J0TCNXBymAcx5UYKt5TvgKBhaLJEow==",
        "dependencies": {
          "Microsoft.CodeAnalysis.Analyzers": "3.11.0"
        }
      },
      "Microsoft.CodeAnalysis.CSharp": {
        "type": "Transitive",
        "resolved": "5.0.0",
        "contentHash": "5DSyJ9bk+ATuDy7fp2Zt0mJStDVKbBoiz1DyfAwSa+k4H4IwykAUcV3URelw5b8/iVbfSaOwkwmPUZH6opZKCw==",
        "dependencies": {
          "Microsoft.CodeAnalysis.Analyzers": "3.11.0",
          "Microsoft.CodeAnalysis.Common": "[5.0.0]"
        }
      },
      "Microsoft.CodeAnalysis.CSharp.Workspaces": {
        "type": "Transitive",
        "resolved": "5.0.0",
        "contentHash": "Al/Q8B+yO8odSqGVpSvrShMFDvlQdIBU//F3E6Rb0YdiLSALE9wh/pvozPNnfmh5HDnvU+mkmSjpz4hQO++jaA==",
        "dependencies": {
          "Humanizer.Core": "2.14.1",
          "Microsoft.CodeAnalysis.Analyzers": "3.11.0",
          "Microsoft.CodeAnalysis.CSharp": "[5.0.0]",
          "Microsoft.CodeAnalysis.Common": "[5.0.0]",
          "Microsoft.CodeAnalysis.Workspaces.Common": "[5.0.0]",
          "System.Composition": "9.0.0"
        }
      },
      "Microsoft.CodeAnalysis.Workspaces.Common": {
        "type": "Transitive",
        "resolved": "5.0.0",
        "contentHash": "ZbUmIvT6lqTNKiv06Jl5wf0MTMi1vQ1oH7ou4CLcs2C/no/L7EhP3T8y3XXvn9VbqMcJaJnEsNA1jwYUMgc5jg==",
        "dependencies": {
          "Humanizer.Core": "2.14.1",
          "Microsoft.CodeAnalysis.Analyzers": "3.11.0",
          "Microsoft.CodeAnalysis.Common": "[5.0.0]",
          "System.Composition": "9.0.0"
        }
      },
      "Microsoft.CodeAnalysis.Workspaces.MSBuild": {
        "type": "Transitive",
        "resolved": "5.0.0",
        "contentHash": "/G+LVoAGMz6Ae8nm+PGLxSw+F5RjYx/J7irbTO5uKAPw1bxHyQJLc/YOnpDxt+EpPtYxvC9wvBsg/kETZp1F9Q==",
        "dependencies": {
          "Humanizer.Core": "2.14.1",
          "Microsoft.Build.Framework": "17.11.31",
          "Microsoft.CodeAnalysis.Analyzers": "3.11.0",
          "Microsoft.CodeAnalysis.Workspaces.Common": "[5.0.0]",
          "Microsoft.VisualStudio.SolutionPersistence": "1.0.52",
          "Newtonsoft.Json": "13.0.3",
          "System.Composition": "9.0.0"
        }
      },
      "Microsoft.Data.SqlClient.SNI.runtime": {
        "type": "Transitive",
        "resolved": "6.0.2",
        "contentHash": "f+pRODTWX7Y67jXO3T5S2dIPZ9qMJNySjlZT/TKmWVNWe19N8jcWmHaqHnnchaq3gxEKv1SWVY5EFzOD06l41w=="
      },
      "Microsoft.EntityFrameworkCore.Analyzers": {
        "type": "Transitive",
        "resolved": "10.0.10",
        "contentHash": "2gLDordUCGf3aNOOuqtTbP5mxhiP9nk6TnvGiE3RnqT891O+Zf/qKu1PIREubs1M16A0SImr4vULBfU5BTDs1Q=="
      },
      "Microsoft.Extensions.AmbientMetadata.Application": {
        "type": "Transitive",
        "resolved": "10.8.0",
        "contentHash": "/FYCIyhRLrDwIg29tB/21/Rp7XMaEP/gWR5Cxyi4GgWcN/v/XXUpU52yhQux0s2SQy1Z0C1wnhptCMvLaaT45Q=="
      },
      "Microsoft.Extensions.ApiDescription.Server": {
        "type": "Transitive",
        "resolved": "6.0.5",
        "contentHash": "Ckb5EDBUNJdFWyajfXzUIMRkhf52fHZOQuuZg/oiu8y7zDCVwD0iHhew6MnThjHmevanpxL3f5ci2TtHQEN6bw=="
      },
      "Microsoft.Extensions.Compliance.Abstractions": {
        "type": "Transitive",
        "resolved": "10.8.0",
        "contentHash": "7I0DXMTCqpXpXg+SLLDlfedtv6DN5Lgiv+PR3MclzqKPOHNB17YP42KMNI61ckSrffh0xsuIqQyCIjvWc6vUuw=="
      },
      "Microsoft.Extensions.DependencyInjection.AutoActivation": {
        "type": "Transitive",
        "resolved": "10.8.0",
        "contentHash": "LXwOAsnrflu2ln+Bxj7y3Zc/Pn4HquCCRzW81oOIuRsM8F75TxwA/ZpSFZ5E1+YkVpndz7BcHY4ThFSjjA4vbQ=="
      },
      "Microsoft.Extensions.DependencyModel": {
        "type": "Transitive",
        "resolved": "10.0.8",
        "contentHash": "vLyZVpxmduO2jx+76ggqnsA3m81kwMY3NkWciNTj5E+Nvqb0VihqCvQP89QsGONWp0AJwMZG+u9GzaCjDdFGNw=="
      },
      "Microsoft.Extensions.Diagnostics.ExceptionSummarization": {
        "type": "Transitive",
        "resolved": "10.8.0",
        "contentHash": "tXmzwQeWgiycaLOtvSFnz0TPkJxXTyZrkwSVPTr83FgSiMj3BD/8eIbvrpGi5rzc2AgfKyegKo1ntJlJFey1Zg=="
      },
      "Microsoft.Extensions.Http.Diagnostics": {
        "type": "Transitive",
        "resolved": "10.8.0",
        "contentHash": "2pYnolFkigH7N6A5WHdGx93iZ8dIhrBnu4ZkjvB6RwbHzYmIy/iXVe12pdrViNDdeBSmKZ5FA9YP/xhwLT7q7A==",
        "dependencies": {
          "Microsoft.Extensions.Telemetry": "10.8.0"
        }
      },
      "Microsoft.Extensions.Http.Polly": {
        "type": "Transitive",
        "resolved": "10.0.10",
        "contentHash": "ceKyX9V/C+mtapMfXQ0ClKRkxDHAW2AAJoDgTcsh7UdOteCQKB5wRTFgHJ82Lh/3O+UlPA47LRGEZkRxtz/lCA==",
        "dependencies": {
          "Polly": "7.2.4",
          "Polly.Extensions.Http": "3.0.0"
        }
      },
      "Microsoft.Extensions.Http.Resilience": {
        "type": "Transitive",
        "resolved": "10.8.0",
        "contentHash": "XtbZyYVxSNn1Aj2Z0PA8yauS12hPszTWDZ3GtZ5Vww7Ai3d8Pm841jMBnTvoTf1t9mRf3eSB38V5KUWxH6/4oQ==",
        "dependencies": {
          "Microsoft.Extensions.Http.Diagnostics": "10.8.0",
          "Microsoft.Extensions.Resilience": "10.8.0"
        }
      },
      "Microsoft.Extensions.Resilience": {
        "type": "Transitive",
        "resolved": "10.8.0",
        "contentHash": "RH/gv0ZcCnQ3d30lxb8+T2o661TwZq/K5eMwp488goQLX1QYqWN3i8L8XlN9DhrqP2Zcf0EtsWaKpJO3yHDUTw==",
        "dependencies": {
          "Microsoft.Extensions.Diagnostics.ExceptionSummarization": "10.8.0",
          "Microsoft.Extensions.Telemetry.Abstractions": "10.8.0",
          "Polly.Extensions": "8.4.2",
          "Polly.RateLimiting": "8.4.2"
        }
      },
      "Microsoft.Extensions.Telemetry": {
        "type": "Transitive",
        "resolved": "10.8.0",
        "contentHash": "IIWjDZguUJt6yNld9J4V88xuOUzpC76wBwfnRJLRmacmyTTl9jA8+KP5PuHPi7CKz/Vk/q+lQYmobiopuzapzA==",
        "dependencies": {
          "Microsoft.Extensions.AmbientMetadata.Application": "10.8.0",
          "Microsoft.Extensions.DependencyInjection.AutoActivation": "10.8.0",
          "Microsoft.Extensions.Telemetry.Abstractions": "10.8.0"
        }
      },
      "Microsoft.Extensions.Telemetry.Abstractions": {
        "type": "Transitive",
        "resolved": "10.8.0",
        "contentHash": "XHlOerNKjVrPJqbuFi196tyFhS7eNMoPUC800xJmCGsSiruE/goGoKyBKzS1HeelAGnoFPFrS+LgNitXNeEYRQ==",
        "dependencies": {
          "Microsoft.Extensions.Compliance.Abstractions": "10.8.0"
        }
      },
      "Microsoft.Identity.Client.Extensions.Msal": {
        "type": "Transitive",
        "resolved": "4.73.1",
        "contentHash": "xDztAiV2F0wI0W8FLKv5cbaBefyLD6JVaAsvgSN7bjWNCzGYzHbcOEIP5s4TJXUpQzMfUyBsFl1mC6Zmgpz0PQ==",
        "dependencies": {
          "Microsoft.Identity.Client": "4.73.1",
          "System.Security.Cryptography.ProtectedData": "4.5.0"
        }
      },
      "Microsoft.IdentityModel.Abstractions": {
        "type": "Transitive",
        "resolved": "8.19.2",
        "contentHash": "HJbo/lnSfNHUfphPRT910poQc4T2/9+8svFLvzuaYHGAOJ2Tu+oEDqpX0BVP3BJ4OuUM1kylEKyaiX2fCAK3Cw=="
      },
      "Microsoft.IdentityModel.JsonWebTokens": {
        "type": "Transitive",
        "resolved": "8.19.2",
        "contentHash": "ui3fuBT4fs8kdKfBthI4NzLYIBIneEVS8UrL1JVBzAn80UiKmngBBi0BEByE7n/9c+EElcfFlCMFFTqpkBSLNA==",
        "dependencies": {
          "Microsoft.IdentityModel.Tokens": "8.19.2"
        }
      },
      "Microsoft.IdentityModel.Logging": {
        "type": "Transitive",
        "resolved": "8.19.2",
        "contentHash": "r5YLDIxGOnkVJHrqXv/iD1FM1CgGrQOdriXuvuWvTPmKbnGANhEysq9XKmN6IHjf2a+9bAGEpnoRBsAQlvJU5w==",
        "dependencies": {
          "Microsoft.IdentityModel.Abstractions": "8.19.2"
        }
      },
      "Microsoft.IdentityModel.Protocols": {
        "type": "Transitive",
        "resolved": "8.19.2",
        "contentHash": "sGxSsSrZXNmca6D+jHH2rVRyo2nNRd/g4H9CFbPmLLq0xgoH1U0orLWE5minfijw7+zq49tBs7txenbfAErRoQ==",
        "dependencies": {
          "Microsoft.IdentityModel.Tokens": "8.19.2"
        }
      },
      "Microsoft.IdentityModel.Protocols.OpenIdConnect": {
        "type": "Transitive",
        "resolved": "8.0.1",
        "contentHash": "AQDbfpL+yzuuGhO/mQhKNsp44pm5Jv8/BI4KiFXR7beVGZoSH35zMV3PrmcfvSTsyI6qrcR898NzUauD6SRigg==",
        "dependencies": {
          "Microsoft.IdentityModel.Protocols": "8.0.1",
          "System.IdentityModel.Tokens.Jwt": "8.0.1"
        }
      },
      "Microsoft.IdentityModel.Tokens": {
        "type": "Transitive",
        "resolved": "8.19.2",
        "contentHash": "GtPC1S02uH1gOO4fQ+zRysIicKmEXaYFP8PIkdJYXqMyruYhopre4ozVHp0XiDSA0+GJvOZH9prxCPvgBMg4Ww==",
        "dependencies": {
          "Microsoft.Bcl.Cryptography": "10.0.2",
          "Microsoft.IdentityModel.Logging": "8.19.2"
        }
      },
      "Microsoft.OpenApi": {
        "type": "Transitive",
        "resolved": "1.6.22",
        "contentHash": "aBvunmrdu/x+4CaA/UP1Jx4xWGwk4kymhoIRnn2Vp+zi5/KOPQJ9EkSXHRUr01WcGKtYl3Au7XfkPJbU1G2sjQ=="
      },
      "Microsoft.SqlServer.Server": {
        "type": "Transitive",
        "resolved": "1.0.0",
        "contentHash": "N4KeF3cpcm1PUHym1RmakkzfkEv3GRMyofVv40uXsQhCQeglr2OHNcUk2WOG51AKpGO8ynGpo9M/kFXSzghwug=="
      },
      "Microsoft.VisualStudio.SolutionPersistence": {
        "type": "Transitive",
        "resolved": "1.0.52",
        "contentHash": "oNv2JtYXhpdJrX63nibx1JT3uCESOBQ1LAk7Dtz/sr0+laW0KRM6eKp4CZ3MHDR2siIkKsY8MmUkeP5DKkQQ5w=="
      },
      "Mono.TextTemplating": {
        "type": "Transitive",
        "resolved": "3.0.0",
        "contentHash": "YqueG52R/Xej4VVbKuRIodjiAhV0HR/XVbLbNrJhCZnzjnSjgMJ/dCdV0akQQxavX6hp/LC6rqLGLcXeQYU7XA==",
        "dependencies": {
          "System.CodeDom": "6.0.0"
        }
      },
      "Namotion.Reflection": {
        "type": "Transitive",
        "resolved": "3.1.1",
        "contentHash": "Qn0wM7u9TpSpja2x8UVexr2bLHb1DGMNhD2TCz3woklxaY1oH+Sitrw9fg/4YbNoNtczeH2jf+yPdXMQlgvFlQ=="
      },
      "NJsonSchema.Annotations": {
        "type": "Transitive",
        "resolved": "11.0.2",
        "contentHash": "VbA0fmxVyqloGXYz863g6QHyojM1tgejwPQr9LjXdubs9YJt5YfRPCQOV/hnzpP2Bqd7nZFpDn9MCImmLAmqCw=="
      },
      "OpenIddict": {
        "type": "Transitive",
        "resolved": "7.6.1",
        "contentHash": "QEDHkya2vDW7u/2QczCzflajKJyraqKJ9Xr153DzDdEuPGfjGIxxEEGQZ0dK7kZsOnxxY7lUBaYO5Fod5jPYqw==",
        "dependencies": {
          "OpenIddict.Abstractions": "7.6.1",
          "OpenIddict.Client": "7.6.1",
          "OpenIddict.Client.SystemIntegration": "7.6.1",
          "OpenIddict.Client.SystemNetHttp": "7.6.1",
          "OpenIddict.Client.WebIntegration": "7.6.1",
          "OpenIddict.Core": "7.6.1",
          "OpenIddict.Server": "7.6.1",
          "OpenIddict.Validation": "7.6.1",
          "OpenIddict.Validation.ServerIntegration": "7.6.1",
          "OpenIddict.Validation.SystemNetHttp": "7.6.1"
        }
      },
      "OpenIddict.Abstractions": {
        "type": "Transitive",
        "resolved": "7.6.1",
        "contentHash": "UXUGk6rQmHK8rRPvLL4Af6o22rc+moUtpPvGmtp61FCu/cSqLUY+O9aQMiiuY1aRHFPBHyWJH6ZhcD7ixAIxUg==",
        "dependencies": {
          "Microsoft.IdentityModel.Tokens": "8.19.2"
        }
      },
      "OpenIddict.Client": {
        "type": "Transitive",
        "resolved": "7.6.1",
        "contentHash": "QHUCtP/H8geBYCBcNbu7WQUjjOGIgSE51BV6uMBMSzvh4gmw40wM+k7nOcDk2YV/TSX5I3ed0w0yO3odnzJSBg==",
        "dependencies": {
          "Microsoft.IdentityModel.JsonWebTokens": "8.19.2",
          "Microsoft.IdentityModel.Protocols": "8.19.2",
          "OpenIddict.Abstractions": "7.6.1"
        }
      },
      "OpenIddict.Client.AspNetCore": {
        "type": "Transitive",
        "resolved": "7.6.1",
        "contentHash": "QzrHLgoGPmbFZQze5TjBi4tpSa2OFPwVXdOJAzfvJOZ8mhS6ipMjLQ7XYd7ZMRvhljjP0K/TAiTTqGfkOsFn1A==",
        "dependencies": {
          "OpenIddict.Client": "7.6.1"
        }
      },
      "OpenIddict.Client.DataProtection": {
        "type": "Transitive",
        "resolved": "7.6.1",
        "contentHash": "x/rWwirZmgYXpfGsFiC6La437Sl7sWfWD7h/qP76XXRWUf7yn96Awykn53Q2v72skvzVNzp2D2sM2wDFEiCAjA==",
        "dependencies": {
          "OpenIddict.Client": "7.6.1"
        }
      },
      "OpenIddict.Client.SystemIntegration": {
        "type": "Transitive",
        "resolved": "7.6.1",
        "contentHash": "z3SQfRDOrVMi50OCSxT1ER4Vb49+zm+D3mztB2n7Gf3SxxGTx2MwKfeG2m8F5817odms5GLHm4YhgcL+SvTxJw==",
        "dependencies": {
          "OpenIddict.Client": "7.6.1"
        }
      },
      "OpenIddict.Client.SystemNetHttp": {
        "type": "Transitive",
        "resolved": "7.6.1",
        "contentHash": "nA1zn/VDgrqy5rDHr1naOolwZXjhiputVGCjpPVsAGVQk2L4GTLs/tacWYwu1uQUdFA3h+sokCGqdeR8xMF1gw==",
        "dependencies": {
          "Microsoft.Extensions.Http.Polly": "10.0.10",
          "Microsoft.Extensions.Http.Resilience": "10.8.0",
          "OpenIddict.Client": "7.6.1"
        }
      },
      "OpenIddict.Client.WebIntegration": {
        "type": "Transitive",
        "resolved": "7.6.1",
        "contentHash": "UIDGqvw2zmn2V9RPgmsn2S0v5t17gdwEYMpJ0TH7hLJ5SIF53+bSk5KX3MgfkUhKv2O2g3K/+hRtR5hYWl4Tbw==",
        "dependencies": {
          "OpenIddict.Client": "7.6.1",
          "OpenIddict.Client.SystemNetHttp": "7.6.1"
        }
      },
      "OpenIddict.Core": {
        "type": "Transitive",
        "resolved": "7.6.1",
        "contentHash": "/ucKlp5Fw4zGF/VwdPLdPGpbPwiApBIl6lFR/92vjz0QJ6AdDFlFpsxTx+Ltjp66RIO1/VbayDGRjA9KIubrCw==",
        "dependencies": {
          "OpenIddict.Abstractions": "7.6.1"
        }
      },
      "OpenIddict.EntityFrameworkCore.Models": {
        "type": "Transitive",
        "resolved": "7.6.1",
        "contentHash": "K7QcWqI/CnBdgc3VdCWiaHbCzOOknRyL+mW6KAv1rWTkd3Fs31555XG1gWO7gFX01pdR+DaUWNHkZP0hV0L4xw=="
      },
      "OpenIddict.Server": {
        "type": "Transitive",
        "resolved": "7.6.1",
        "contentHash": "H+LwpHXqLT72riZtUZOpj8ZhBuh4KOlEvHHB5CNBGsNovhxWNPx3vg6S7OHxepejmc3UIcZ3Ch0H3ECmx5VA1Q==",
        "dependencies": {
          "Microsoft.IdentityModel.JsonWebTokens": "8.19.2",
          "OpenIddict.Abstractions": "7.6.1"
        }
      },
      "OpenIddict.Server.AspNetCore": {
        "type": "Transitive",
        "resolved": "7.6.1",
        "contentHash": "bOLu5Ja4JjVnHZ3JF97jJdYqJSM8fkaeMbku3q6QK5wKdVny47hHXNBIKYQk/aG6OsiZoj0amfDE3I3FSDhYlw==",
        "dependencies": {
          "OpenIddict.Server": "7.6.1"
        }
      },
      "OpenIddict.Server.DataProtection": {
        "type": "Transitive",
        "resolved": "7.6.1",
        "contentHash": "2RBZbZFDtj0XlneDiK1mrvrh4HZsvi5ThZdu3MFAcDG/Q5dtRJKzDODZ54fhLN1RDVs3Rq3zGx4B3F/aFzkNRg==",
        "dependencies": {
          "OpenIddict.Server": "7.6.1"
        }
      },
      "OpenIddict.Validation": {
        "type": "Transitive",
        "resolved": "7.6.1",
        "contentHash": "94UFwYoBTdtnvJoZaPTo6NSB2VXNEHkanSlTNjVtf1i5zJw6rpQKjYWiLS8CoJ8/WSOS1by+OM/L6woiskwaSw==",
        "dependencies": {
          "Microsoft.IdentityModel.JsonWebTokens": "8.19.2",
          "Microsoft.IdentityModel.Protocols": "8.19.2",
          "OpenIddict.Abstractions": "7.6.1"
        }
      },
      "OpenIddict.Validation.AspNetCore": {
        "type": "Transitive",
        "resolved": "7.6.1",
        "contentHash": "/+iVgKiK+FJmmUsfe38FunBWqj0ufgV9nkMYFKn220G7FDnlyCBr2hmTw84EbuyhFTOBA/iq3OogbzsAlHVq+w==",
        "dependencies": {
          "OpenIddict.Validation": "7.6.1"
        }
      },
      "OpenIddict.Validation.DataProtection": {
        "type": "Transitive",
        "resolved": "7.6.1",
        "contentHash": "QOr9TgsP/28yM2+7jOsDYbrTCirBD4nqIpketQ085+JNe9QbSjRbR8WOvmt+qy1q+POP4Vz9Xn3iEhWvyzgiXw==",
        "dependencies": {
          "OpenIddict.Validation": "7.6.1"
        }
      },
      "OpenIddict.Validation.ServerIntegration": {
        "type": "Transitive",
        "resolved": "7.6.1",
        "contentHash": "FllFeksiUdyTgugfIBb6oeULOkFDQ/j9Vj6sp2twz0Ht5ld9LTB+hh2AUN0npIOe/Llf44cRwgB3GpSr6I3lUg==",
        "dependencies": {
          "OpenIddict.Server": "7.6.1",
          "OpenIddict.Validation": "7.6.1"
        }
      },
      "OpenIddict.Validation.SystemNetHttp": {
        "type": "Transitive",
        "resolved": "7.6.1",
        "contentHash": "dvPjT3F2jQjURmZc5lzDe9H8/cqwyxNmPCl2AGRZnY/iuOyANkzxIYEDGrqLI0zUmrz/vCDmYoOvXrFuAcazRA==",
        "dependencies": {
          "Microsoft.Extensions.Http.Polly": "10.0.10",
          "Microsoft.Extensions.Http.Resilience": "10.8.0",
          "OpenIddict.Validation": "7.6.1"
        }
      },
      "Polly": {
        "type": "Transitive",
        "resolved": "7.2.4",
        "contentHash": "bw00Ck5sh6ekduDE3mnCo1ohzuad946uslCDEENu3091+6UKnBuKLo4e+yaNcCzXxOZCXWY2gV4a35+K1d4LDA=="
      },
      "Polly.Core": {
        "type": "Transitive",
        "resolved": "8.4.2",
        "contentHash": "BpE2I6HBYYA5tF0Vn4eoQOGYTYIK1BlF5EXVgkWGn3mqUUjbXAr13J6fZVbp7Q3epRR8yshacBMlsHMhpOiV3g=="
      },
      "Polly.Extensions": {
        "type": "Transitive",
        "resolved": "8.4.2",
        "contentHash": "GZ9vRVmR0jV2JtZavt+pGUsQ1O1cuRKG7R7VOZI6ZDy9y6RNPvRvXK1tuS4ffUrv8L0FTea59oEuQzgS0R7zSA==",
        "dependencies": {
          "Polly.Core": "8.4.2"
        }
      },
      "Polly.Extensions.Http": {
        "type": "Transitive",
        "resolved": "3.0.0",
        "contentHash": "drrG+hB3pYFY7w1c3BD+lSGYvH2oIclH8GRSehgfyP5kjnFnHKQuuBhuHLv+PWyFuaTDyk/vfRpnxOzd11+J8g==",
        "dependencies": {
          "Polly": "7.1.0"
        }
      },
      "Polly.RateLimiting": {
        "type": "Transitive",
        "resolved": "8.4.2",
        "contentHash": "ehTImQ/eUyO07VYW2WvwSmU9rRH200SKJ/3jku9rOkyWE0A2JxNFmAVms8dSn49QLSjmjFRRSgfNyOgr/2PSmA==",
        "dependencies": {
          "Polly.Core": "8.4.2"
        }
      },
      "Quartz.Extensions.DependencyInjection": {
        "type": "Transitive",
        "resolved": "3.15.1",
        "contentHash": "LinB9z54aPn49C/DGM1v3OflX2nosrEo4zNz10vfYqcCndFJ8MNU9k++Ap9T7vxeZc355WStPDggpX60TYj1Lg==",
        "dependencies": {
          "Quartz": "3.15.1"
        }
      },
      "Scrutor": {
        "type": "Transitive",
        "resolved": "3.3.0",
        "contentHash": "BwqCnFzp2/Z+pq17iztxlIkR/ZANyPRR4PdE57WL1w/JW4AM/2imoxBWTL3+G+YXA46ce4s9OUgwWqTXYrtI8A==",
        "dependencies": {
          "Microsoft.Extensions.DependencyModel": "3.1.6"
        }
      },
      "Swashbuckle.AspNetCore.Filters.Abstractions": {
        "type": "Transitive",
        "resolved": "8.0.2",
        "contentHash": "RgQ1RbxmofrkBSrLkA/34DWwzz4rKHRwC4vHOvevru2CNqymUPn3kRhbIX29g4yvj2sCff1glf19djnyM9kuUQ=="
      },
      "Swashbuckle.AspNetCore.Swagger": {
        "type": "Transitive",
        "resolved": "7.1.0",
        "contentHash": "+vzt/nV82YVCJt7GIuRV9xe67dvzrVwqDgO8DiQPmUZwtvtjK4rrb+qnoXbcu90VVaz2xjEK/Ma5/3AVWifSHQ==",
        "dependencies": {
          "Microsoft.OpenApi": "1.6.22"
        }
      },
      "Swashbuckle.AspNetCore.SwaggerGen": {
        "type": "Transitive",
        "resolved": "7.1.0",
        "contentHash": "Nd1O1rVTpeX3U2fr+4FMjTD1BqnGBZcX5t0EkhVBdQWz/anf/68xTpJpAjZ9DS9CVDVKAm7qI6eJmq9psqFpVQ==",
        "dependencies": {
          "Swashbuckle.AspNetCore.Swagger": "7.1.0"
        }
      },
      "Swashbuckle.AspNetCore.SwaggerUI": {
        "type": "Transitive",
        "resolved": "7.1.0",
        "contentHash": "Tn9+gbG2wGekFDcm1+XQXPZoSZWOHn3DiEGaEw3/SMCtKdhkYiejoKpmTzZueKOBQf0Lzgvxs6Lss0WObN0RPA=="
      },
      "System.ClientModel": {
        "type": "Transitive",
        "resolved": "1.5.1",
        "contentHash": "k2jKSO0X45IqhVOT9iQB4xralNN9foRQsRvXBTyRpAVxyzCJlG895T9qYrQWbcJ6OQXxOouJQ37x5nZH5XKK+A==",
        "dependencies": {
          "System.Memory.Data": "8.0.1"
        }
      },
      "System.CodeDom": {
        "type": "Transitive",
        "resolved": "6.0.0",
        "contentHash": "CPc6tWO1LAer3IzfZufDBRL+UZQcj5uS207NHALQzP84Vp/z6wF0Aa0YZImOQY8iStY0A2zI/e3ihKNPfUm8XA=="
      },
      "System.Composition": {
        "type": "Transitive",
        "resolved": "9.0.0",
        "contentHash": "3Djj70fFTraOarSKmRnmRy/zm4YurICm+kiCtI0dYRqGJnLX6nJ+G3WYuFJ173cAPax/gh96REcbNiVqcrypFQ==",
        "dependencies": {
          "System.Composition.AttributedModel": "9.0.0",
          "System.Composition.Convention": "9.0.0",
          "System.Composition.Hosting": "9.0.0",
          "System.Composition.Runtime": "9.0.0",
          "System.Composition.TypedParts": "9.0.0"
        }
      },
      "System.Composition.AttributedModel": {
        "type": "Transitive",
        "resolved": "9.0.0",
        "contentHash": "iri00l/zIX9g4lHMY+Nz0qV1n40+jFYAmgsaiNn16xvt2RDwlqByNG4wgblagnDYxm3YSQQ0jLlC/7Xlk9CzyA=="
      },
      "System.Composition.Convention": {
        "type": "Transitive",
        "resolved": "9.0.0",
        "contentHash": "+vuqVP6xpi582XIjJi6OCsIxuoTZfR0M7WWufk3uGDeCl3wGW6KnpylUJ3iiXdPByPE0vR5TjJgR6hDLez4FQg==",
        "dependencies": {
          "System.Composition.AttributedModel": "9.0.0"
        }
      },
      "System.Composition.Hosting": {
        "type": "Transitive",
        "resolved": "9.0.0",
        "contentHash": "OFqSeFeJYr7kHxDfaViGM1ymk7d4JxK//VSoNF9Ux0gpqkLsauDZpu89kTHHNdCWfSljbFcvAafGyBoY094btQ==",
        "dependencies": {
          "System.Composition.Runtime": "9.0.0"
        }
      },
      "System.Composition.Runtime": {
        "type": "Transitive",
        "resolved": "9.0.0",
        "contentHash": "w1HOlQY1zsOWYussjFGZCEYF2UZXgvoYnS94NIu2CBnAGMbXFAX8PY8c92KwUItPmowal68jnVLBCzdrWLeEKA=="
      },
      "System.Composition.TypedParts": {
        "type": "Transitive",
        "resolved": "9.0.0",
        "contentHash": "aRZlojCCGEHDKqh43jaDgaVpYETsgd7Nx4g1zwLKMtv4iTo0627715ajEFNpEEBTgLmvZuv8K0EVxc3sM4NWJA==",
        "dependencies": {
          "System.Composition.AttributedModel": "9.0.0",
          "System.Composition.Hosting": "9.0.0",
          "System.Composition.Runtime": "9.0.0"
        }
      },
      "System.Configuration.ConfigurationManager": {
        "type": "Transitive",
        "resolved": "9.0.4",
        "contentHash": "dvjqKp+2LpGid6phzrdrS/2mmEPxFl3jE1+L7614q4ZChKbLJCpHXg6sBILlCCED1t//EE+un/UdAetzIMpqnw==",
        "dependencies": {
          "System.Security.Cryptography.ProtectedData": "9.0.4"
        }
      },
      "System.IdentityModel.Tokens.Jwt": {
        "type": "Transitive",
        "resolved": "8.0.1",
        "contentHash": "GJw3bYkWpOgvN3tJo5X4lYUeIFA2HD293FPUhKmp7qxS+g5ywAb34Dnd3cDAFLkcMohy5XTpoaZ4uAHuw0uSPQ==",
        "dependencies": {
          "Microsoft.IdentityModel.JsonWebTokens": "8.0.1",
          "Microsoft.IdentityModel.Tokens": "8.0.1"
        }
      },
      "System.Memory.Data": {
        "type": "Transitive",
        "resolved": "8.0.1",
        "contentHash": "BVYuec3jV23EMRDeR7Dr1/qhx7369dZzJ9IWy2xylvb4YfXsrUxspWc4UWYid/tj4zZK58uGZqn2WQiaDMhmAg=="
      },
      "System.Security.Cryptography.Pkcs": {
        "type": "Transitive",
        "resolved": "9.0.4",
        "contentHash": "cUFTcMlz/Qw9s90b2wnWSCvHdjv51Bau9FQqhsr4TlwSe1OX+7SoXUqphis5G74MLOvMOCghxPPlEqOdCrVVGA=="
      },
      "System.Security.Cryptography.ProtectedData": {
        "type": "Transitive",
        "resolved": "9.0.4",
        "contentHash": "o94k2RKuAce3GeDMlUvIXlhVa1kWpJw95E6C9LwW0KlG0nj5+SgCiIxJ2Eroqb9sLtG1mEMbFttZIBZ13EJPvQ=="
      },
      "edfi.ods.adminapi.common": {
        "type": "Project",
        "dependencies": {
          "Asp.Versioning.Http": "[8.1.1, )",
          "AspNetCore.HealthChecks.NpgSql": "[9.0.0, )",
          "FluentValidation.AspNetCore": "[11.3.1, )",
          "Microsoft.Data.SqlClient": "[6.1.1, )",
          "Microsoft.EntityFrameworkCore": "[10.0.10, )",
          "Microsoft.EntityFrameworkCore.Abstractions": "[10.0.10, )",
          "Microsoft.EntityFrameworkCore.SqlServer": "[10.0.8, )",
          "Microsoft.Extensions.Logging.Log4Net.AspNetCore": "[10.0.0, )",
          "NJsonSchema": "[11.0.2, )",
          "Npgsql": "[10.0.2, )",
          "Quartz": "[3.15.1, )",
          "Swashbuckle.AspNetCore": "[7.1.0, )",
          "Swashbuckle.AspNetCore.Annotations": "[7.1.0, )"
        }
      },
      "edfi.ods.adminapi.instancemanagement": {
        "type": "Project",
        "dependencies": {
          "Dapper": "[2.1.72, )",
          "EdFi.Ods.AdminApi.Common": "[0.1.0.1, )",
          "Microsoft.Data.SqlClient": "[6.1.1, )"
        }
      },
      "edfi.ods.adminapi.v1": {
        "type": "Project",
        "dependencies": {
          "Asp.Versioning.Http": "[8.1.1, )",
          "AspNetCore.HealthChecks.NpgSql": "[9.0.0, )",
          "AspNetCore.HealthChecks.SqlServer": "[9.0.0, )",
          "Autofac.Extras.DynamicProxy": "[7.1.0, )",
          "EFCore.NamingConventions": "[10.0.1, )",
          "EdFi.Ods.AdminApi.Common": "[0.1.0.1, )",
          "EdFi.Suite3.Common": "[7.4.296, )",
          "FluentValidation": "[11.11.0, )",
          "FluentValidation.AspNetCore": "[11.3.1, )",
          "Microsoft.AspNetCore.Authentication.JwtBearer": "[10.0.8, )",
          "Microsoft.Data.SqlClient": "[6.1.1, )",
          "Microsoft.EntityFrameworkCore": "[10.0.10, )",
          "Microsoft.EntityFrameworkCore.Abstractions": "[10.0.10, )",
          "Microsoft.EntityFrameworkCore.Proxies": "[10.0.8, )",
          "Microsoft.EntityFrameworkCore.Relational": "[10.0.10, )",
          "Microsoft.EntityFrameworkCore.SqlServer": "[10.0.8, )",
          "Microsoft.Extensions.Logging.Log4Net.AspNetCore": "[10.0.0, )",
          "NJsonSchema": "[11.0.2, )",
          "Newtonsoft.Json": "[13.0.3, )",
          "Npgsql": "[10.0.2, )",
          "Npgsql.EntityFrameworkCore.PostgreSQL": "[10.0.1, )",
          "OpenIddict.AspNetCore": "[7.6.1, )",
          "OpenIddict.EntityFrameworkCore": "[7.6.1, )",
          "Swashbuckle.AspNetCore": "[7.1.0, )",
          "Swashbuckle.AspNetCore.Annotations": "[7.1.0, )",
          "log4net": "[3.3.0, )"
        }
      },
      "edfi.ods.adminapi.v3": {
        "type": "Project",
        "dependencies": {
          "Asp.Versioning.Http": "[8.1.1, )",
          "AspNetCore.HealthChecks.NpgSql": "[9.0.0, )",
          "AspNetCore.HealthChecks.SqlServer": "[9.0.0, )",
          "Azure.Identity": "[1.14.2, )",
          "EdFi.Ods.AdminApi.Common": "[0.1.0.1, )",
          "EdFi.Ods.AdminApi.InstanceManagement": "[0.1.0.1, )",
          "EdFi.Ods.AdminApi.V1": "[0.1.0.1, )",
          "EdFi.Suite3.Admin.DataAccess": "[7.3.67, )",
          "EdFi.Suite3.Security.DataAccess": "[7.4.102, )",
          "FluentValidation.AspNetCore": "[11.3.1, )",
          "Microsoft.AspNetCore.Authentication.JwtBearer": "[10.0.8, )",
          "Microsoft.EntityFrameworkCore.Abstractions": "[10.0.10, )",
          "Microsoft.Extensions.Logging.Log4Net.AspNetCore": "[10.0.0, )",
          "Microsoft.Identity.Client": "[4.73.1, )",
          "NJsonSchema": "[11.0.2, )",
          "Npgsql": "[10.0.2, )",
          "OpenIddict.AspNetCore": "[7.6.1, )",
          "OpenIddict.EntityFrameworkCore": "[7.6.1, )",
          "Quartz": "[3.15.1, )",
          "Quartz.Extensions.Hosting": "[3.15.1, )",
          "Swashbuckle.AspNetCore": "[7.1.0, )",
          "Swashbuckle.AspNetCore.Annotations": "[7.1.0, )",
          "Swashbuckle.AspNetCore.Filters": "[8.0.2, )"
        }
      },
      "Autofac.Extras.DynamicProxy": {
        "type": "CentralTransitive",
        "requested": "[7.1.0, )",
        "resolved": "7.1.0",
        "contentHash": "Da6Szv7A1LK/cTdeoyqS45zb/BC5vep8+86f6C1oh2UhZaYtiijlNfLWamp3lxe0uUQ33kFe1dDCjsvfwJWzLg==",
        "dependencies": {
          "Autofac": "6.5.0",
          "Castle.Core": "5.1.1"
        }
      },
      "Dapper": {
        "type": "CentralTransitive",
        "requested": "[2.1.72, )",
        "resolved": "2.1.72",
        "contentHash": "ns4mGqQd9a/MhP8m6w556vVlZIa0/MfUu03zrxjZC/jlr1uVCsUac8bkdB+Fs98Llbd56rRSo1eZH5VVmeGZyw=="
      },
      "EdFi.Suite3.Common": {
        "type": "CentralTransitive",
        "requested": "[7.4.296, )",
        "resolved": "7.4.296",
        "contentHash": "+pz4wLTVjtkuFSsBHakmbioP7LS8PC6+OkaTQD3HNdkePlUbwJ8bFjaUlnKX+cFF0UtlTLvQWUjGmMToZzuyng==",
        "dependencies": {
          "Autofac.Extras.DynamicProxy": "7.1.0",
          "Microsoft.Data.SqlClient": "5.2.1",
          "Microsoft.Identity.Client": "4.61.3",
          "Npgsql": "8.0.3",
          "log4net": "2.0.17"
        }
      },
      "EFCore.NamingConventions": {
        "type": "CentralTransitive",
        "requested": "[10.0.1, )",
        "resolved": "10.0.1",
        "contentHash": "Xs5k8XfNKPkkQSkGmZkmDI1je0prLTdxse+s8PgTFZxyBrlrTLzTBUTVJtQKSsbvu4y+luAv8DdtO5SALJE++A==",
        "dependencies": {
          "Microsoft.EntityFrameworkCore": "[10.0.1, 11.0.0)",
          "Microsoft.EntityFrameworkCore.Relational": "[10.0.1, 11.0.0)"
        }
      },
      "FluentValidation": {
        "type": "CentralTransitive",
        "requested": "[11.11.0, )",
        "resolved": "11.11.0",
        "contentHash": "cyIVdQBwSipxWG8MA3Rqox7iNbUNUTK5bfJi9tIdm4CAfH71Oo5ABLP4/QyrUwuakqpUEPGtE43BDddvEehuYw=="
      },
      "log4net": {
        "type": "CentralTransitive",
        "requested": "[3.3.0, )",
        "resolved": "3.3.0",
        "contentHash": "wtZ7K4XGWDxeQqHbUybwIug/3AAzhKcmroLf4ENfE5GsaDIMqT3GLX24f18XPFY8Qg9vaxfMSAODwWAXqkjI/Q==",
        "dependencies": {
          "System.Configuration.ConfigurationManager": "4.5.0"
        }
      },
      "Microsoft.CodeAnalysis.Analyzers": {
        "type": "CentralTransitive",
        "requested": "[3.11.0, )",
        "resolved": "3.11.0",
        "contentHash": "v/EW3UE8/lbEYHoC2Qq7AR/DnmvpgdtAMndfQNmpuIMx/Mto8L5JnuCfdBYtgvalQOtfNCnxFejxuRrryvUTsg=="
      },
      "Microsoft.Data.SqlClient": {
        "type": "CentralTransitive",
        "requested": "[6.1.1, )",
        "resolved": "6.1.1",
        "contentHash": "syGQmIUPAYYHAHyTD8FCkTNThpQWvoA7crnIQRMfp8dyB5A2cWU3fQexlRTFkVmV7S0TjVmthi0LJEFVjHo8AQ==",
        "dependencies": {
          "Azure.Core": "1.47.1",
          "Azure.Identity": "1.14.2",
          "Microsoft.Bcl.Cryptography": "9.0.4",
          "Microsoft.Data.SqlClient.SNI.runtime": "6.0.2",
          "Microsoft.IdentityModel.JsonWebTokens": "7.7.1",
          "Microsoft.IdentityModel.Protocols.OpenIdConnect": "7.7.1",
          "Microsoft.SqlServer.Server": "1.0.0",
          "System.Configuration.ConfigurationManager": "9.0.4",
          "System.Security.Cryptography.Pkcs": "9.0.4"
        }
      },
      "Microsoft.EntityFrameworkCore": {
        "type": "CentralTransitive",
        "requested": "[10.0.10, )",
        "resolved": "10.0.10",
        "contentHash": "a0V7zj/VbYP6dTdWpUgE/r2PuLKtUGe2aJ0lVKkn/wP9ZhaxUz2kQydVfvOjCv2SKxlrqdBfHhPD4Cvlf+4ffA==",
        "dependencies": {
          "Microsoft.EntityFrameworkCore.Abstractions": "10.0.10",
          "Microsoft.EntityFrameworkCore.Analyzers": "10.0.10"
        }
      },
      "Microsoft.EntityFrameworkCore.Proxies": {
        "type": "CentralTransitive",
        "requested": "[10.0.8, )",
        "resolved": "10.0.8",
        "contentHash": "ocCzNNwXcK4/NGpjUqxCwFvJrNHjba5dmYNMUhNxbPmB2KtAuC1Y7ycZh3tgbh0tU7b2fssBoYHcEaEdYaas4g==",
        "dependencies": {
          "Castle.Core": "5.2.1",
          "Microsoft.EntityFrameworkCore": "10.0.8"
        }
      },
      "Microsoft.EntityFrameworkCore.Relational": {
        "type": "CentralTransitive",
        "requested": "[10.0.10, )",
        "resolved": "10.0.10",
        "contentHash": "wNonj40aZxia+GtuBiiD6ZqVh4h6y5Nje1bGdmzZ8/ui0QRsAN+S0SIrLHFCEGbG9cDbeaE40sh+Lr7o9rRs6g==",
        "dependencies": {
          "Microsoft.EntityFrameworkCore": "10.0.10"
        }
      },
      "Microsoft.EntityFrameworkCore.SqlServer": {
        "type": "CentralTransitive",
        "requested": "[10.0.8, )",
        "resolved": "10.0.8",
        "contentHash": "A+FLIsTH9l5DG2iD6QW6Mfwlvr+BjWme/jJ2hvwmmENTr7lR1UWmgCtKCjDYcHxqdAD15bb4PgQnSzw12DV/pw==",
        "dependencies": {
          "Microsoft.Data.SqlClient": "6.1.1",
          "Microsoft.EntityFrameworkCore.Relational": "10.0.8"
        }
      },
      "Newtonsoft.Json": {
        "type": "CentralTransitive",
        "requested": "[13.0.3, )",
        "resolved": "13.0.3",
        "contentHash": "HrC5BXdl00IP9zeV+0Z848QWPAoCr9P3bDEZguI+gkLcBKAOxix/tLEAAHC+UvDNPv4a2d18lOReHMOagPa+zQ=="
      },
      "Npgsql.EntityFrameworkCore.PostgreSQL": {
        "type": "CentralTransitive",
        "requested": "[10.0.1, )",
        "resolved": "10.0.1",
        "contentHash": "P6EwH0Q4xkaA264iNZDqCPhWt8pscfUGxXazDQg4noBfqjoOlk4hKWfvBjF9ZX3R/9JybRmmJfmxr2iBMj0EpA==",
        "dependencies": {
          "Microsoft.EntityFrameworkCore": "[10.0.4, 11.0.0)",
          "Microsoft.EntityFrameworkCore.Relational": "[10.0.4, 11.0.0)",
          "Npgsql": "10.0.2"
        }
      }
    }
  }
}