{
  "version": 2,
  "dependencies": {
    "net10.0": {
      "Asp.Versioning.Http": {
        "type": "Direct",
        "requested": "[8.1.1, )",
        "resolved": "8.1.1",
        "contentHash": "1D/Mzq1MSUSQe1eCY6GeEsu+tIlpzoWZxZkhlcw/uvtVoTrwO+BMl0fSj/XX8oZN1DutWTZqHDHgyDRq+IeSdQ==",
        "dependencies": {
          "Asp.Versioning.Abstractions": "8.1.0"
        }
      },
      "AspNetCore.HealthChecks.NpgSql": {
        "type": "Direct",
        "requested": "[9.0.0, )",
        "resolved": "9.0.0",
        "contentHash": "npc58/AD5zuVxERdhCl2Kb7WnL37mwX42SJcXIwvmEig0/dugOLg3SIwtfvvh3TnvTwR/sk5LYNkkPaBdks61A==",
        "dependencies": {
          "Npgsql": "8.0.3"
        }
      },
      "AspNetCore.HealthChecks.SqlServer": {
        "type": "Direct",
        "requested": "[9.0.0, )",
        "resolved": "9.0.0",
        "contentHash": "UxCf65iCF2nU1u7AcB320abjL4CRg5swCgJECY6mKk1j5lrGMfVtskWwriGs1T29pYdRig9Vra3SPnP+4G82pA==",
        "dependencies": {
          "Microsoft.Data.SqlClient": "5.2.2"
        }
      },
      "Autofac.Extras.DynamicProxy": {
        "type": "Direct",
        "requested": "[7.1.0, )",
        "resolved": "7.1.0",
        "contentHash": "Da6Szv7A1LK/cTdeoyqS45zb/BC5vep8+86f6C1oh2UhZaYtiijlNfLWamp3lxe0uUQ33kFe1dDCjsvfwJWzLg==",
        "dependencies": {
          "Autofac": "6.5.0",
          "Castle.Core": "5.1.1"
        }
      },
      "EdFi.Suite3.Common": {
        "type": "Direct",
        "requested": "[7.4.296, )",
        "resolved": "7.4.296",
        "contentHash": "+pz4wLTVjtkuFSsBHakmbioP7LS8PC6+OkaTQD3HNdkePlUbwJ8bFjaUlnKX+cFF0UtlTLvQWUjGmMToZzuyng==",
        "dependencies": {
          "Autofac.Extras.DynamicProxy": "7.1.0",
          "Microsoft.Data.SqlClient": "5.2.1",
          "Microsoft.Identity.Client": "4.61.3",
          "Npgsql": "8.0.3",
          "log4net": "2.0.17"
        }
      },
      "EFCore.NamingConventions": {
        "type": "Direct",
        "requested": "[10.0.1, )",
        "resolved": "10.0.1",
        "contentHash": "Xs5k8XfNKPkkQSkGmZkmDI1je0prLTdxse+s8PgTFZxyBrlrTLzTBUTVJtQKSsbvu4y+luAv8DdtO5SALJE++A==",
        "dependencies": {
          "Microsoft.EntityFrameworkCore": "[10.0.1, 11.0.0)",
          "Microsoft.EntityFrameworkCore.Relational": "[10.0.1, 11.0.0)"
        }
      },
      "FluentValidation": {
        "type": "Direct",
        "requested": "[11.11.0, )",
        "resolved": "11.11.0",
        "contentHash": "cyIVdQBwSipxWG8MA3Rqox7iNbUNUTK5bfJi9tIdm4CAfH71Oo5ABLP4/QyrUwuakqpUEPGtE43BDddvEehuYw=="
      },
      "FluentValidation.AspNetCore": {
        "type": "Direct",
        "requested": "[11.3.1, )",
        "resolved": "11.3.1",
        "contentHash": "FjkfrGGwC+25oH8QpX1ti3gxkFjDDtotkAQWyQz2CkwQwEfRKTANjhh77I79kY8dov2ydK1SY+e4jiOWsbbDdQ==",
        "dependencies": {
          "FluentValidation": "11.11.0",
          "FluentValidation.DependencyInjectionExtensions": "11.11.0"
        }
      },
      "log4net": {
        "type": "Direct",
        "requested": "[3.3.0, )",
        "resolved": "3.3.0",
        "contentHash": "wtZ7K4XGWDxeQqHbUybwIug/3AAzhKcmroLf4ENfE5GsaDIMqT3GLX24f18XPFY8Qg9vaxfMSAODwWAXqkjI/Q==",
        "dependencies": {
          "System.Configuration.ConfigurationManager": "4.5.0"
        }
      },
      "Microsoft.AspNetCore.Authentication.JwtBearer": {
        "type": "Direct",
        "requested": "[10.0.12, )",
        "resolved": "10.0.12",
        "contentHash": "DeE+Bq2OqB3FikFkZk+7gFBeLOQhkSolejLrbi+a9zpfvXtW1Ff6Nd6DIvHXIm+pc4aM4+52vDy3jnuau0qoUQ==",
        "dependencies": {
          "Microsoft.IdentityModel.Protocols.OpenIdConnect": "8.19.2"
        }
      },
      "Microsoft.Data.SqlClient": {
        "type": "Direct",
        "requested": "[6.1.6, )",
        "resolved": "6.1.6",
        "contentHash": "6abRPXrjjEWxcNkTomBIzBdGolYnwD0ykP+6YAynaEEfKlGe94ZSQd58pggucusp28xUA7wLo9XcvzU92ZuF6Q==",
        "dependencies": {
          "Azure.Core": "1.50.0",
          "Azure.Identity": "1.17.1",
          "Microsoft.Data.SqlClient.SNI.runtime": "6.0.2",
          "Microsoft.Identity.Client": "4.84.2",
          "Microsoft.Identity.Client.Broker": "4.84.2",
          "Microsoft.IdentityModel.JsonWebTokens": "7.7.1",
          "Microsoft.IdentityModel.Protocols.OpenIdConnect": "7.7.1",
          "Microsoft.SqlServer.Server": "1.0.0",
          "System.Configuration.ConfigurationManager": "9.0.11",
          "System.IdentityModel.Tokens.Jwt": "7.7.1",
          "System.Security.Cryptography.Pkcs": "9.0.11"
        }
      },
      "Microsoft.EntityFrameworkCore": {
        "type": "Direct",
        "requested": "[10.0.12, )",
        "resolved": "10.0.12",
        "contentHash": "e7OrVN8U5yr4kuwdTHWBHGVQIVsGfMkAr0Ej1/BnrS989Q0XBVANpIzNZ2bc1GvMZ0/XwMt5InTnmKskxGy99Q==",
        "dependencies": {
          "Microsoft.EntityFrameworkCore.Abstractions": "10.0.12",
          "Microsoft.EntityFrameworkCore.Analyzers": "10.0.12"
        }
      },
      "Microsoft.EntityFrameworkCore.Abstractions": {
        "type": "Direct",
        "requested": "[10.0.12, )",
        "resolved": "10.0.12",
        "contentHash": "kDrux7T6C3V/YYYe2LXr7x6AEsVyq5Y2YoTE9er1SwbDtap3z1g8RgxNh5eKQVyB4T+DKvBBJ4Ezd/VZzJQJZg=="
      },
      "Microsoft.EntityFrameworkCore.Proxies": {
        "type": "Direct",
        "requested": "[10.0.12, )",
        "resolved": "10.0.12",
        "contentHash": "ijG6j04UjYCugQyuj3L804oa6AuwetuLavCY6xPFfAA/Q84gaSvtSe5KGYy4buF6fuL5YRc4fz4Q93UCvhTamA==",
        "dependencies": {
          "Castle.Core": "5.2.1",
          "Microsoft.EntityFrameworkCore": "10.0.12"
        }
      },
      "Microsoft.EntityFrameworkCore.Relational": {
        "type": "Direct",
        "requested": "[10.0.12, )",
        "resolved": "10.0.12",
        "contentHash": "OiHmr8XzX96dbgMsYGe8qoqg4KxibdZG2r0QUVJBGktFInOp8IrABe8jvcbo5hrqeWfbwpK7fCEBiEPbY/ik4A==",
        "dependencies": {
          "Microsoft.EntityFrameworkCore": "10.0.12"
        }
      },
      "Microsoft.EntityFrameworkCore.SqlServer": {
        "type": "Direct",
        "requested": "[10.0.12, )",
        "resolved": "10.0.12",
        "contentHash": "Wt/JUrctpOPfv3DNcZ6oKeg+FouanIXnrLfB8WN8DdMoqS/bxi9yPrwTKIEFB32qcKTUb5i9AVTCdbQBUid6ZQ==",
        "dependencies": {
          "Microsoft.Data.SqlClient": "6.1.6",
          "Microsoft.EntityFrameworkCore.Relational": "10.0.12"
        }
      },
      "Microsoft.Extensions.Logging.Log4Net.AspNetCore": {
        "type": "Direct",
        "requested": "[10.0.0, )",
        "resolved": "10.0.0",
        "contentHash": "ASXCV+/IuxGCiXjRnrdL1waRKaCDcxkdL1U2yqteJzGcyXN+qLf6wTLBR12sQIhK36d1um6P55AaWqlXf+X0xg==",
        "dependencies": {
          "log4net": "3.3.0"
        }
      },
      "Newtonsoft.Json": {
        "type": "Direct",
        "requested": "[13.0.3, )",
        "resolved": "13.0.3",
        "contentHash": "HrC5BXdl00IP9zeV+0Z848QWPAoCr9P3bDEZguI+gkLcBKAOxix/tLEAAHC+UvDNPv4a2d18lOReHMOagPa+zQ=="
      },
      "NJsonSchema": {
        "type": "Direct",
        "requested": "[11.0.2, )",
        "resolved": "11.0.2",
        "contentHash": "BOgw+TOd1w7BSRIEWwkiSgHlKWC2eu0DHsSsb1LIwlC1Hq26A0ARZiMjsCsqfXqXdr7hLf1m4M84Z7LW1wmCGA==",
        "dependencies": {
          "NJsonSchema.Annotations": "11.0.2",
          "Namotion.Reflection": "3.1.1",
          "Newtonsoft.Json": "13.0.3"
        }
      },
      "Npgsql": {
        "type": "Direct",
        "requested": "[10.0.2, )",
        "resolved": "10.0.2",
        "contentHash": "q5RfBI+wywJSFUNDE1L4ZbHEHCFTblo8Uf6A6oe4feOUFYiUQXyAf9GBh5qEZpvJaHiEbpBPkQumjEhXCJxdrg=="
      },
      "Npgsql.EntityFrameworkCore.PostgreSQL": {
        "type": "Direct",
        "requested": "[10.0.1, )",
        "resolved": "10.0.1",
        "contentHash": "P6EwH0Q4xkaA264iNZDqCPhWt8pscfUGxXazDQg4noBfqjoOlk4hKWfvBjF9ZX3R/9JybRmmJfmxr2iBMj0EpA==",
        "dependencies": {
          "Microsoft.EntityFrameworkCore": "[10.0.4, 11.0.0)",
          "Microsoft.EntityFrameworkCore.Relational": "[10.0.4, 11.0.0)",
          "Npgsql": "10.0.2"
        }
      },
      "OpenIddict.AspNetCore": {
        "type": "Direct",
        "requested": "[4.10.1, )",
        "resolved": "4.10.1",
        "contentHash": "Fcfi+8qFeALV3eZ9P5sZa5xmIsqdfyHOmhq0r1qbVw0nC7cOj/+grKKiRpFRqgYEuMeFoq3V45K1BgzkoKUw1A==",
        "dependencies": {
          "OpenIddict": "4.10.1",
          "OpenIddict.Client.AspNetCore": "4.10.1",
          "OpenIddict.Client.DataProtection": "4.10.1",
          "OpenIddict.Server.AspNetCore": "4.10.1",
          "OpenIddict.Server.DataProtection": "4.10.1",
          "OpenIddict.Validation.AspNetCore": "4.10.1",
          "OpenIddict.Validation.DataProtection": "4.10.1"
        }
      },
      "OpenIddict.EntityFrameworkCore": {
        "type": "Direct",
        "requested": "[4.10.1, )",
        "resolved": "4.10.1",
        "contentHash": "NaxMQtic8SCjboTqAYNJtF/5bnzjyYpssxw7cG0JnIth3gcsSP+IWQ71MgOkzKEyw/0l/QNgUmbvws0O9COl3Q==",
        "dependencies": {
          "Microsoft.EntityFrameworkCore.Relational": "8.0.0",
          "OpenIddict.Core": "4.10.1",
          "OpenIddict.EntityFrameworkCore.Models": "4.10.1"
        }
      },
      "Swashbuckle.AspNetCore": {
        "type": "Direct",
        "requested": "[7.1.0, )",
        "resolved": "7.1.0",
        "contentHash": "PpKwEZNCciDPczWPnuqaTVuN5jR/fG2RubQYgKHVWY2KB+TpvKkOrQJoF51S1yMJxygaofCM3BXlLy4PK/o8WA==",
        "dependencies": {
          "Microsoft.Extensions.ApiDescription.Server": "6.0.5",
          "Swashbuckle.AspNetCore.Swagger": "7.1.0",
          "Swashbuckle.AspNetCore.SwaggerGen": "7.1.0",
          "Swashbuckle.AspNetCore.SwaggerUI": "7.1.0"
        }
      },
      "Swashbuckle.AspNetCore.Annotations": {
        "type": "Direct",
        "requested": "[7.1.0, )",
        "resolved": "7.1.0",
        "contentHash": "Lesyci+wHqJxxPyQx9maLeYoZWJkXN5AXAsxWvhEIWCy41x5PTF7kv+/VPT+4fCmLmjzpCZYR+5Zgq9e9bcaGA==",
        "dependencies": {
          "Swashbuckle.AspNetCore.SwaggerGen": "7.1.0"
        }
      },
      "Asp.Versioning.Abstractions": {
        "type": "Transitive",
        "resolved": "8.1.0",
        "contentHash": "mpeNZyMdvrHztJwR1sXIUQ+3iioEU97YMBnFA9WLbsPOYhGwDJnqJMmEd8ny7kcmS9OjTHoEuX/bSXXY3brIFA=="
      },
      "Autofac": {
        "type": "Transitive",
        "resolved": "6.5.0",
        "contentHash": "sm6HWWBDEoTPGXeyOchMygJ/7L89VxmVH72BFxakG88J34AVjA8RMi5jbv3PdpUtXI/d9ZLKOaxCmOSIo2K4aA=="
      },
      "Azure.Core": {
        "type": "Transitive",
        "resolved": "1.50.0",
        "contentHash": "GBNKZEhdIbTXxedvD3R7I/yDVFX9jJJEz02kCziFSJxspSQ5RMHc3GktulJ1s7+ffXaXD7kMgrtdQTaggyInLw==",
        "dependencies": {
          "Microsoft.Bcl.AsyncInterfaces": "8.0.0",
          "System.ClientModel": "1.8.0",
          "System.Memory.Data": "8.0.1"
        }
      },
      "Castle.Core": {
        "type": "Transitive",
        "resolved": "5.2.1",
        "contentHash": "wHARzQA695jwwKreOzNsq54KiGqKP38tv8hi8e2FXDEC/sA6BtrX90tVPDkOfVu13PbEzr00TCV8coikl+D1Iw=="
      },
      "FluentValidation.DependencyInjectionExtensions": {
        "type": "Transitive",
        "resolved": "11.11.0",
        "contentHash": "viTKWaMbL3yJYgGI0DiCeavNbE9UPMWFVK2XS9nYXGbm3NDMd0/L5ER4wBzmTtW3BYh3SrlSXm9RACiKZ6stlA==",
        "dependencies": {
          "FluentValidation": "11.11.0"
        }
      },
      "Microsoft.Bcl.AsyncInterfaces": {
        "type": "Transitive",
        "resolved": "8.0.0",
        "contentHash": "3WA9q9yVqJp222P3x1wYIGDAkpjAku0TMUaaQV22g6L67AI0LdOIrVS7Ht2vJfLHGSPVuqN94vIr15qn+HEkHw=="
      },
      "Microsoft.Bcl.Cryptography": {
        "type": "Transitive",
        "resolved": "10.0.2",
        "contentHash": "LG9Yll3B5aNpxv0+D47g6LiOiKBIlodhcHdQwcYzo8VeexFLGqx5ymetmA2aBRyo9cCcWsQWrFsdbsr8LvmWDw=="
      },
      "Microsoft.Data.SqlClient.SNI.runtime": {
        "type": "Transitive",
        "resolved": "6.0.2",
        "contentHash": "f+pRODTWX7Y67jXO3T5S2dIPZ9qMJNySjlZT/TKmWVNWe19N8jcWmHaqHnnchaq3gxEKv1SWVY5EFzOD06l41w=="
      },
      "Microsoft.EntityFrameworkCore.Analyzers": {
        "type": "Transitive",
        "resolved": "10.0.12",
        "contentHash": "Kd4o2oO1A6dfKxjz5LS16QyLtpCFTUiFWwmBABETAXRsSImBdRdWeKjSgbbRhAMiV3a3/nWr95ZtzClT4uaADQ=="
      },
      "Microsoft.Extensions.ApiDescription.Server": {
        "type": "Transitive",
        "resolved": "6.0.5",
        "contentHash": "Ckb5EDBUNJdFWyajfXzUIMRkhf52fHZOQuuZg/oiu8y7zDCVwD0iHhew6MnThjHmevanpxL3f5ci2TtHQEN6bw=="
      },
      "Microsoft.Extensions.Http.Polly": {
        "type": "Transitive",
        "resolved": "8.0.0",
        "contentHash": "UbZJib/wukyGVTvX7ZLS988su5XLrDoHDBSXp00Jxre0ONB1XW7e1zTk7vQbJq1PzmD5x7CBqdZQlH2OWte+Uw==",
        "dependencies": {
          "Polly": "7.2.4",
          "Polly.Extensions.Http": "3.0.0"
        }
      },
      "Microsoft.Identity.Client.Broker": {
        "type": "Transitive",
        "resolved": "4.84.2",
        "contentHash": "928ySLeGz1xtvydwq6h9tv7TbxrtA4ZzavLKUqRJh0PW6BGcEJwpI8W8vf2PlQdYemGm/oyGjdzYzdY/I8r/4A==",
        "dependencies": {
          "Microsoft.Identity.Client": "4.84.2",
          "Microsoft.Identity.Client.NativeInterop": "0.20.6"
        }
      },
      "Microsoft.Identity.Client.Extensions.Msal": {
        "type": "Transitive",
        "resolved": "4.78.0",
        "contentHash": "DYU9o+DrDQuyZxeq91GBA9eNqBvA3ZMkLzQpF7L9dTk6FcIBM1y1IHXWqiKXTvptPF7CZE59upbyUoa+FJ5eiA==",
        "dependencies": {
          "Microsoft.Identity.Client": "4.78.0",
          "System.Security.Cryptography.ProtectedData": "4.5.0"
        }
      },
      "Microsoft.Identity.Client.NativeInterop": {
        "type": "Transitive",
        "resolved": "0.20.6",
        "contentHash": "noyfdMfVxyWpM6xUDmlW6gUvZ5ci24z7Qoy15JvynTQfZV5vTD2NEdsnT5Gy4ngViwgdIp5iRjRy10jAKXFAgw=="
      },
      "Microsoft.IdentityModel.Abstractions": {
        "type": "Transitive",
        "resolved": "8.19.2",
        "contentHash": "HJbo/lnSfNHUfphPRT910poQc4T2/9+8svFLvzuaYHGAOJ2Tu+oEDqpX0BVP3BJ4OuUM1kylEKyaiX2fCAK3Cw=="
      },
      "Microsoft.IdentityModel.JsonWebTokens": {
        "type": "Transitive",
        "resolved": "8.19.2",
        "contentHash": "ui3fuBT4fs8kdKfBthI4NzLYIBIneEVS8UrL1JVBzAn80UiKmngBBi0BEByE7n/9c+EElcfFlCMFFTqpkBSLNA==",
        "dependencies": {
          "Microsoft.IdentityModel.Tokens": "8.19.2"
        }
      },
      "Microsoft.IdentityModel.Logging": {
        "type": "Transitive",
        "resolved": "8.19.2",
        "contentHash": "r5YLDIxGOnkVJHrqXv/iD1FM1CgGrQOdriXuvuWvTPmKbnGANhEysq9XKmN6IHjf2a+9bAGEpnoRBsAQlvJU5w==",
        "dependencies": {
          "Microsoft.IdentityModel.Abstractions": "8.19.2"
        }
      },
      "Microsoft.IdentityModel.Protocols": {
        "type": "Transitive",
        "resolved": "8.19.2",
        "contentHash": "sGxSsSrZXNmca6D+jHH2rVRyo2nNRd/g4H9CFbPmLLq0xgoH1U0orLWE5minfijw7+zq49tBs7txenbfAErRoQ==",
        "dependencies": {
          "Microsoft.IdentityModel.Tokens": "8.19.2"
        }
      },
      "Microsoft.IdentityModel.Protocols.OpenIdConnect": {
        "type": "Transitive",
        "resolved": "8.19.2",
        "contentHash": "1XOcyY36cVymzE3qKdzKaUEZ4Pzt7ZpSa14JZoPPK1NLFUkQDs85TCqpV6XDo0YjFXj6nVK00AfOHppjghjhtw==",
        "dependencies": {
          "Microsoft.IdentityModel.Protocols": "8.19.2",
          "System.IdentityModel.Tokens.Jwt": "8.19.2"
        }
      },
      "Microsoft.IdentityModel.Tokens": {
        "type": "Transitive",
        "resolved": "8.19.2",
        "contentHash": "GtPC1S02uH1gOO4fQ+zRysIicKmEXaYFP8PIkdJYXqMyruYhopre4ozVHp0XiDSA0+GJvOZH9prxCPvgBMg4Ww==",
        "dependencies": {
          "Microsoft.Bcl.Cryptography": "10.0.2",
          "Microsoft.IdentityModel.Logging": "8.19.2"
        }
      },
      "Microsoft.OpenApi": {
        "type": "Transitive",
        "resolved": "1.6.22",
        "contentHash": "aBvunmrdu/x+4CaA/UP1Jx4xWGwk4kymhoIRnn2Vp+zi5/KOPQJ9EkSXHRUr01WcGKtYl3Au7XfkPJbU1G2sjQ=="
      },
      "Microsoft.SqlServer.Server": {
        "type": "Transitive",
        "resolved": "1.0.0",
        "contentHash": "N4KeF3cpcm1PUHym1RmakkzfkEv3GRMyofVv40uXsQhCQeglr2OHNcUk2WOG51AKpGO8ynGpo9M/kFXSzghwug=="
      },
      "Namotion.Reflection": {
        "type": "Transitive",
        "resolved": "3.1.1",
        "contentHash": "Qn0wM7u9TpSpja2x8UVexr2bLHb1DGMNhD2TCz3woklxaY1oH+Sitrw9fg/4YbNoNtczeH2jf+yPdXMQlgvFlQ=="
      },
      "NJsonSchema.Annotations": {
        "type": "Transitive",
        "resolved": "11.0.2",
        "contentHash": "VbA0fmxVyqloGXYz863g6QHyojM1tgejwPQr9LjXdubs9YJt5YfRPCQOV/hnzpP2Bqd7nZFpDn9MCImmLAmqCw=="
      },
      "OpenIddict": {
        "type": "Transitive",
        "resolved": "4.10.1",
        "contentHash": "j7jd8qJbHiZjVrVmHmp/ZfrVuxjcuwMTNhI5r404/KR4z8QtI78cUOaEwCGJUNHQU9/YJ836/bKXs9S9GFY6gw==",
        "dependencies": {
          "OpenIddict.Abstractions": "4.10.1",
          "OpenIddict.Client": "4.10.1",
          "OpenIddict.Client.SystemIntegration": "4.10.1",
          "OpenIddict.Client.SystemNetHttp": "4.10.1",
          "OpenIddict.Client.WebIntegration": "4.10.1",
          "OpenIddict.Core": "4.10.1",
          "OpenIddict.Server": "4.10.1",
          "OpenIddict.Validation": "4.10.1",
          "OpenIddict.Validation.ServerIntegration": "4.10.1",
          "OpenIddict.Validation.SystemNetHttp": "4.10.1"
        }
      },
      "OpenIddict.Abstractions": {
        "type": "Transitive",
        "resolved": "4.10.1",
        "contentHash": "r2oCgsk8hG82TmT5g7yTzGLrmZGTwn6/zISMXqqpM9rjQUH0/FZ7NgwJy0f1j+HZSyBNj3jjYQIjx6a7qYBYqA==",
        "dependencies": {
          "Microsoft.IdentityModel.Tokens": "7.0.0"
        }
      },
      "OpenIddict.Client": {
        "type": "Transitive",
        "resolved": "4.10.1",
        "contentHash": "bPIySBhDi9A8GmH+eOkjfeNvJRe9MXWXVZoKeX0dGRdb5v9D54wSDWNgq0koqkG29rZFElUDbxcV1KNMRQ2nEQ==",
        "dependencies": {
          "Microsoft.IdentityModel.JsonWebTokens": "7.0.0",
          "Microsoft.IdentityModel.Protocols": "7.0.0",
          "OpenIddict.Abstractions": "4.10.1"
        }
      },
      "OpenIddict.Client.AspNetCore": {
        "type": "Transitive",
        "resolved": "4.10.1",
        "contentHash": "+JcTh5d15a3ZYX5+39KUHrKJ6uLkKpDiSApA+g204z3Mm1SZNCcR/VIwWm/oNRkIHuLeX7qkQXz/rutru+JKVQ==",
        "dependencies": {
          "OpenIddict.Client": "4.10.1"
        }
      },
      "OpenIddict.Client.DataProtection": {
        "type": "Transitive",
        "resolved": "4.10.1",
        "contentHash": "pjx1cTcOoCIqkuX2ciy81EY90quR8INtDneGjqOefvMYEUSZVIpEcSaf+qVlS78T815SxkIR3aBDzKfrxkcLMQ==",
        "dependencies": {
          "OpenIddict.Client": "4.10.1"
        }
      },
      "OpenIddict.Client.SystemIntegration": {
        "type": "Transitive",
        "resolved": "4.10.1",
        "contentHash": "QDDJ2omYvHNYIC2b4jRGAQ55JSFm7I+uvrYFq7KHUDXXxcRzC8sXRxswWZcAXrfmSlrW4GtpcPB7C2bIiymyng==",
        "dependencies": {
          "OpenIddict.Client": "4.10.1"
        }
      },
      "OpenIddict.Client.SystemNetHttp": {
        "type": "Transitive",
        "resolved": "4.10.1",
        "contentHash": "KWxeqXucLiUuUxPkouQUstbsrNf9nN/s5cbr76cQKm15qmKQtr9sOSS8PodCd/Mz5pFQ/n3/z0glx6BMsC348A==",
        "dependencies": {
          "Microsoft.Extensions.Http.Polly": "8.0.0",
          "OpenIddict.Client": "4.10.1"
        }
      },
      "OpenIddict.Client.WebIntegration": {
        "type": "Transitive",
        "resolved": "4.10.1",
        "contentHash": "/orH7xk6N/AmOHdaK+x3Dsc+DZ/pPgnxrYYSOYkLfOnpZzq9K+B8Z+RM/RZO9BGVFKz12KOoA9g0geDHuH/Dlw==",
        "dependencies": {
          "OpenIddict.Client": "4.10.1",
          "OpenIddict.Client.SystemNetHttp": "4.10.1"
        }
      },
      "OpenIddict.Core": {
        "type": "Transitive",
        "resolved": "4.10.1",
        "contentHash": "/us1vkDDpwX3aWrW1tEuKaJeMSQvfhT4mFgrZiaXIjG3xG3e+ye5oOaTtitNwwXZpe0BSkRsWhNXQzASoc1S3w==",
        "dependencies": {
          "OpenIddict.Abstractions": "4.10.1"
        }
      },
      "OpenIddict.EntityFrameworkCore.Models": {
        "type": "Transitive",
        "resolved": "4.10.1",
        "contentHash": "yTui1pRlrx9BEPO48EgpcGibZDQ/8O93kKge41rpVZ0IdpQyg6CTohQhcj2AZf5K8rJ5MRckp659ImZvHc3vqQ=="
      },
      "OpenIddict.Server": {
        "type": "Transitive",
        "resolved": "4.10.1",
        "contentHash": "uNkmRF2u5deEkmdS6gV+qz6VJ4lPskAEndbzhq2slka9VtRjysZxVS2Dt6MoNCDVFjl8bEz1wCaZHyGsPmO2tg==",
        "dependencies": {
          "Microsoft.IdentityModel.JsonWebTokens": "7.0.0",
          "OpenIddict.Abstractions": "4.10.1"
        }
      },
      "OpenIddict.Server.AspNetCore": {
        "type": "Transitive",
        "resolved": "4.10.1",
        "contentHash": "PmJPcexIaX4hPwIypbOIQvZhqF27TX5gF8+8ZwgxSXWh4P0gi1mQhq2Q7i0PIoYP4N+S/YwR8Y8W9XZ6B6891A==",
        "dependencies": {
          "OpenIddict.Server": "4.10.1"
        }
      },
      "OpenIddict.Server.DataProtection": {
        "type": "Transitive",
        "resolved": "4.10.1",
        "contentHash": "HwUdJMujMoflYSfVbkAYvlFzAWHgPr7V0hnFHLsbErFtyFBidh0klVzisTot+CW0DZD6PfM6n493NEqwb78hzQ==",
        "dependencies": {
          "OpenIddict.Server": "4.10.1"
        }
      },
      "OpenIddict.Validation": {
        "type": "Transitive",
        "resolved": "4.10.1",
        "contentHash": "T5IaWSjjdy1Wwwi4fxrnHZJoaLq9uF+/wPd8YsI4Pw5JXGuxXLOpSTdFq6VH2hnhhC0ZjWwWmZh3pUaaM+j5eg==",
        "dependencies": {
          "Microsoft.IdentityModel.JsonWebTokens": "7.0.0",
          "Microsoft.IdentityModel.Protocols": "7.0.0",
          "OpenIddict.Abstractions": "4.10.1"
        }
      },
      "OpenIddict.Validation.AspNetCore": {
        "type": "Transitive",
        "resolved": "4.10.1",
        "contentHash": "uiWPz7kr2lOvShG/UN3iwBoPBalA42U8zQPTY5lPZ4sqo9vwZjvfMTECNMxZnEczX2aqvGA50IhcRGwhAlrQ+g==",
        "dependencies": {
          "OpenIddict.Validation": "4.10.1"
        }
      },
      "OpenIddict.Validation.DataProtection": {
        "type": "Transitive",
        "resolved": "4.10.1",
        "contentHash": "AKXA1RXxz2ipJKhATJR7Ds1gOn2P9V4PbGhYzleNL2kfs5f+/bxTP3ASrjE92MmxLF8T/ltrQWWFRwAVAzD5cg==",
        "dependencies": {
          "OpenIddict.Validation": "4.10.1"
        }
      },
      "OpenIddict.Validation.ServerIntegration": {
        "type": "Transitive",
        "resolved": "4.10.1",
        "contentHash": "op+y9gx9ZrBi1gnfuCLp5V/Cv9J/MemZq1qjJ/3Umu9jDW3L6XeO0dT2w0EU6+v8ZlMleJDbVIfhVvKvak0Q9g==",
        "dependencies": {
          "OpenIddict.Server": "4.10.1",
          "OpenIddict.Validation": "4.10.1"
        }
      },
      "OpenIddict.Validation.SystemNetHttp": {
        "type": "Transitive",
        "resolved": "4.10.1",
        "contentHash": "xuLJK1Bdvx/3ER7fKShi8SHz2yKqdmWFyk4/2kDZ3xfN+FRtthSsvBRKOPOkPnb/Tbtfy/GD7UXKz0DBgXOLag==",
        "dependencies": {
          "Microsoft.Extensions.Http.Polly": "8.0.0",
          "OpenIddict.Validation": "4.10.1"
        }
      },
      "Polly": {
        "type": "Transitive",
        "resolved": "7.2.4",
        "contentHash": "bw00Ck5sh6ekduDE3mnCo1ohzuad946uslCDEENu3091+6UKnBuKLo4e+yaNcCzXxOZCXWY2gV4a35+K1d4LDA=="
      },
      "Polly.Extensions.Http": {
        "type": "Transitive",
        "resolved": "3.0.0",
        "contentHash": "drrG+hB3pYFY7w1c3BD+lSGYvH2oIclH8GRSehgfyP5kjnFnHKQuuBhuHLv+PWyFuaTDyk/vfRpnxOzd11+J8g==",
        "dependencies": {
          "Polly": "7.1.0"
        }
      },
      "Swashbuckle.AspNetCore.Swagger": {
        "type": "Transitive",
        "resolved": "7.1.0",
        "contentHash": "+vzt/nV82YVCJt7GIuRV9xe67dvzrVwqDgO8DiQPmUZwtvtjK4rrb+qnoXbcu90VVaz2xjEK/Ma5/3AVWifSHQ==",
        "dependencies": {
          "Microsoft.OpenApi": "1.6.22"
        }
      },
      "Swashbuckle.AspNetCore.SwaggerGen": {
        "type": "Transitive",
        "resolved": "7.1.0",
        "contentHash": "Nd1O1rVTpeX3U2fr+4FMjTD1BqnGBZcX5t0EkhVBdQWz/anf/68xTpJpAjZ9DS9CVDVKAm7qI6eJmq9psqFpVQ==",
        "dependencies": {
          "Swashbuckle.AspNetCore.Swagger": "7.1.0"
        }
      },
      "Swashbuckle.AspNetCore.SwaggerUI": {
        "type": "Transitive",
        "resolved": "7.1.0",
        "contentHash": "Tn9+gbG2wGekFDcm1+XQXPZoSZWOHn3DiEGaEw3/SMCtKdhkYiejoKpmTzZueKOBQf0Lzgvxs6Lss0WObN0RPA=="
      },
      "System.ClientModel": {
        "type": "Transitive",
        "resolved": "1.8.0",
        "contentHash": "AqRzhn0v29GGGLj/Z6gKq4lGNtvPHT4nHdG5PDJh9IfVjv/nYUVmX11hwwws1vDFeIAzrvmn0dPu8IjLtu6fAw==",
        "dependencies": {
          "System.Memory.Data": "8.0.1"
        }
      },
      "System.Configuration.ConfigurationManager": {
        "type": "Transitive",
        "resolved": "9.0.11",
        "contentHash": "vPinosRgEk1CGjohbv0pDuz6gPprkWo5xvBTjOJjks5JOgOEWvPndq5NngGxiTcBcy1+k9GwzZ1c3Bp2fU5ezw==",
        "dependencies": {
          "System.Security.Cryptography.ProtectedData": "9.0.11"
        }
      },
      "System.IdentityModel.Tokens.Jwt": {
        "type": "Transitive",
        "resolved": "8.19.2",
        "contentHash": "gqhDC/icByKEutygpr+OFgAmjwTVowyzFjWB8K0q1ww8uFj5a1BQNL+QvijUl9uhq4p8OdDwcAIrjVC+eC9FVA==",
        "dependencies": {
          "Microsoft.IdentityModel.JsonWebTokens": "8.19.2",
          "Microsoft.IdentityModel.Tokens": "8.19.2"
        }
      },
      "System.Memory.Data": {
        "type": "Transitive",
        "resolved": "8.0.1",
        "contentHash": "BVYuec3jV23EMRDeR7Dr1/qhx7369dZzJ9IWy2xylvb4YfXsrUxspWc4UWYid/tj4zZK58uGZqn2WQiaDMhmAg=="
      },
      "System.Security.Cryptography.Pkcs": {
        "type": "Transitive",
        "resolved": "9.0.11",
        "contentHash": "YS2YqtN6fFjlTDIQI+ucjbbrEvwMn796r+VLTQRr/5Oy6g+i+m7nIou83KnJCnAcKna2I+5eVJRks6SoHSpetQ=="
      },
      "System.Security.Cryptography.ProtectedData": {
        "type": "Transitive",
        "resolved": "9.0.11",
        "contentHash": "s8yUYuYYu+PAwvBdhLG1KyrGrk9gkYeuPxfAsXsTqqWyepwSyEw8hAaflW4nO98NG52YpYI1am2+9o+79h2RtQ=="
      },
      "edfi.ods.adminapi.common": {
        "type": "Project",
        "dependencies": {
          "Asp.Versioning.Http": "[8.1.1, )",
          "AspNetCore.HealthChecks.NpgSql": "[9.0.0, )",
          "FluentValidation.AspNetCore": "[11.3.1, )",
          "Microsoft.Data.SqlClient": "[6.1.6, )",
          "Microsoft.EntityFrameworkCore": "[10.0.12, )",
          "Microsoft.EntityFrameworkCore.Abstractions": "[10.0.12, )",
          "Microsoft.EntityFrameworkCore.Relational": "[10.0.12, )",
          "Microsoft.EntityFrameworkCore.SqlServer": "[10.0.12, )",
          "Microsoft.Extensions.Logging.Log4Net.AspNetCore": "[10.0.0, )",
          "NJsonSchema": "[11.0.2, )",
          "Npgsql": "[10.0.2, )",
          "Quartz": "[3.15.1, )",
          "Swashbuckle.AspNetCore": "[7.1.0, )",
          "Swashbuckle.AspNetCore.Annotations": "[7.1.0, )"
        }
      },
      "Azure.Identity": {
        "type": "CentralTransitive",
        "requested": "[1.14.2, )",
        "resolved": "1.17.1",
        "contentHash": "MSZkBrctcpiGxs9Cvr2VKKoN6qFLZlP3I6xuCWJ9iTgitI5Rgxtk5gfOSpXPZE3+CJmZ/mnqpQyGyjawFn5Vvg==",
        "dependencies": {
          "Azure.Core": "1.50.0",
          "Microsoft.Identity.Client": "4.78.0",
          "Microsoft.Identity.Client.Extensions.Msal": "4.78.0"
        }
      },
      "Microsoft.Identity.Client": {
        "type": "CentralTransitive",
        "requested": "[4.73.1, )",
        "resolved": "4.84.2",
        "contentHash": "Va9FjmABSgj/lcUfHH0pBNQkmS7SNyepz2ERV7Yynp6QgEYpFdSqR6Vzy1WWipN8GS5pBHuXoZbqaDWuARCrHQ==",
        "dependencies": {
          "Microsoft.IdentityModel.Abstractions": "8.14.0"
        }
      },
      "Quartz": {
        "type": "CentralTransitive",
        "requested": "[3.15.1, )",
        "resolved": "3.15.1",
        "contentHash": "XIbhzUAKSm3xdl1ORLPnK7mc5XANP3cuvYQhCtuX/8888IN41e9OXJak4R9OlmAGRnyAMqHE40yojVa89NS1wg=="
      }
    }
  }
}